
Microsoft Visual Studio Solution File, Format Version 12.00
# Visual Studio Version 17
VisualStudioVersion = 17.5.33627.172
MinimumVisualStudioVersion = 10.0.40219.1
Project("{FAE04EC0-301F-11D3-BF4B-00C04F79EFBC}") = "While_Loop_1 (sum of first n numbers)", "While_Loop_1 (sum of first n numbers)\While_Loop_1 (sum of first n numbers).csproj", "{CA94F6AC-5CAF-46E3-9FD0-8FC67F753CDA}"
EndProject
Global
	GlobalSection(SolutionConfigurationPlatforms) = preSolution
		Debug|Any CPU = Debug|Any CPU
		Release|Any CPU = Release|Any CPU
	EndGlobalSection
	GlobalSection(ProjectConfigurationPlatforms) = postSolution
		{CA94F6AC-5CAF-46E3-9FD0-8FC67F753CDA}.Debug|Any CPU.ActiveCfg = Debug|Any CPU
		{CA94F6AC-5CAF-46E3-9FD0-8FC67F753CDA}.Debug|Any CPU.Build.0 = Debug|Any CPU
		{CA94F6AC-5CAF-46E3-9FD0-8FC67F753CDA}.Release|Any CPU.ActiveCfg = Release|Any CPU
		{CA94F6AC-5CAF-46E3-9FD0-8FC67F753CDA}.Release|Any CPU.Build.0 = Release|Any CPU
	EndGlobalSection
	GlobalSection(SolutionProperties) = preSolution
		HideSolutionNode = FALSE
	EndGlobalSection
	GlobalSection(ExtensibilityGlobals) = postSolution
		SolutionGuid = {C6393973-C048-4A6A-B310-D5C91BD7102B}
	EndGlobalSection
EndGlobal
