
Microsoft Visual Studio Solution File, Format Version 12.00
# Visual Studio Version 17
VisualStudioVersion = 17.5.33627.172
MinimumVisualStudioVersion = 10.0.40219.1
Project("{FAE04EC0-301F-11D3-BF4B-00C04F79EFBC}") = "For_Loop (sum of n numbers)", "For_Loop (sum of n numbers)\For_Loop (sum of n numbers).csproj", "{CD86F67B-3D68-4154-A6B6-6A750D914929}"
EndProject
Global
	GlobalSection(SolutionConfigurationPlatforms) = preSolution
		Debug|Any CPU = Debug|Any CPU
		Release|Any CPU = Release|Any CPU
	EndGlobalSection
	GlobalSection(ProjectConfigurationPlatforms) = postSolution
		{CD86F67B-3D68-4154-A6B6-6A750D914929}.Debug|Any CPU.ActiveCfg = Debug|Any CPU
		{CD86F67B-3D68-4154-A6B6-6A750D914929}.Debug|Any CPU.Build.0 = Debug|Any CPU
		{CD86F67B-3D68-4154-A6B6-6A750D914929}.Release|Any CPU.ActiveCfg = Release|Any CPU
		{CD86F67B-3D68-4154-A6B6-6A750D914929}.Release|Any CPU.Build.0 = Release|Any CPU
	EndGlobalSection
	GlobalSection(SolutionProperties) = preSolution
		HideSolutionNode = FALSE
	EndGlobalSection
	GlobalSection(ExtensibilityGlobals) = postSolution
		SolutionGuid = {7FEA9C95-0575-4585-B6C9-264FE8DD3404}
	EndGlobalSection
EndGlobal
