
Microsoft Visual Studio Solution File, Format Version 12.00
# Visual Studio Version 17
VisualStudioVersion = 17.5.33516.290
MinimumVisualStudioVersion = 10.0.40219.1
Project("{FAE04EC0-301F-11D3-BF4B-00C04F79EFBC}") = "first_web_application", "first_web_application\first_web_application.csproj", "{EE48CFAE-27ED-4438-8981-556C9BFE5C1D}"
EndProject
Global
	GlobalSection(SolutionConfigurationPlatforms) = preSolution
		Debug|Any CPU = Debug|Any CPU
		Release|Any CPU = Release|Any CPU
	EndGlobalSection
	GlobalSection(ProjectConfigurationPlatforms) = postSolution
		{EE48CFAE-27ED-4438-8981-556C9BFE5C1D}.Debug|Any CPU.ActiveCfg = Debug|Any CPU
		{EE48CFAE-27ED-4438-8981-556C9BFE5C1D}.Debug|Any CPU.Build.0 = Debug|Any CPU
		{EE48CFAE-27ED-4438-8981-556C9BFE5C1D}.Release|Any CPU.ActiveCfg = Release|Any CPU
		{EE48CFAE-27ED-4438-8981-556C9BFE5C1D}.Release|Any CPU.Build.0 = Release|Any CPU
	EndGlobalSection
	GlobalSection(SolutionProperties) = preSolution
		HideSolutionNode = FALSE
	EndGlobalSection
	GlobalSection(ExtensibilityGlobals) = postSolution
		SolutionGuid = {87751071-F4FB-48EA-A4E4-B806465A9404}
	EndGlobalSection
EndGlobal
